
Microsoft Visual Studio Solution File, Format Version 12.00
# Visual Studio Version 17
VisualStudioVersion = 17.14.36518.9
MinimumVisualStudioVersion = 10.0.40219.1
Project("{FAE04EC0-301F-11D3-BF4B-00C04F79EFBC}") = "Helptheruralchild", "Helptheruralchild\Helptheruralchild.csproj", "{B5CE41F8-C88A-408E-8BDE-221BB29112F9}"
EndProject
Project("{FAE04EC0-301F-11D3-BF4B-00C04F79EFBC}") = "HTRC_unittest", "HTRC_unittest\HTRC_unittest.csproj", "{55E57928-D1CA-471E-96B9-BE53ECB6367B}"
EndProject
Global
	GlobalSection(SolutionConfigurationPlatforms) = preSolution
		Debug|Any CPU = Debug|Any CPU
		Release|Any CPU = Release|Any CPU
	EndGlobalSection
	GlobalSection(ProjectConfigurationPlatforms) = postSolution
		{B5CE41F8-C88A-408E-8BDE-221BB29112F9}.Debug|Any CPU.ActiveCfg = Debug|Any CPU
		{B5CE41F8-C88A-408E-8BDE-221BB29112F9}.Debug|Any CPU.Build.0 = Debug|Any CPU
		{B5CE41F8-C88A-408E-8BDE-221BB29112F9}.Release|Any CPU.ActiveCfg = Release|Any CPU
		{B5CE41F8-C88A-408E-8BDE-221BB29112F9}.Release|Any CPU.Build.0 = Release|Any CPU
		{55E57928-D1CA-471E-96B9-BE53ECB6367B}.Debug|Any CPU.ActiveCfg = Debug|Any CPU
		{55E57928-D1CA-471E-96B9-BE53ECB6367B}.Debug|Any CPU.Build.0 = Debug|Any CPU
		{55E57928-D1CA-471E-96B9-BE53ECB6367B}.Release|Any CPU.ActiveCfg = Release|Any CPU
		{55E57928-D1CA-471E-96B9-BE53ECB6367B}.Release|Any CPU.Build.0 = Release|Any CPU
	EndGlobalSection
	GlobalSection(SolutionProperties) = preSolution
		HideSolutionNode = FALSE
	EndGlobalSection
	GlobalSection(ExtensibilityGlobals) = postSolution
		SolutionGuid = {40024695-A17C-4632-A0B6-6ACE6F4E057D}
	EndGlobalSection
EndGlobal
